
Microsoft Visual Studio Solution File, Format Version 12.00
# Visual Studio Version 17
VisualStudioVersion = 17.8.34525.116
MinimumVisualStudioVersion = 10.0.40219.1
Project("{FAE04EC0-301F-11D3-BF4B-00C04F79EFBC}") = "Atividade01", "Atividade01.csproj", "{01885E64-6346-4EDC-A7E6-C98E8E9D5478}"
EndProject
Global
	GlobalSection(SolutionConfigurationPlatforms) = preSolution
		Debug|Any CPU = Debug|Any CPU
		Release|Any CPU = Release|Any CPU
	EndGlobalSection
	GlobalSection(ProjectConfigurationPlatforms) = postSolution
		{01885E64-6346-4EDC-A7E6-C98E8E9D5478}.Debug|Any CPU.ActiveCfg = Debug|Any CPU
		{01885E64-6346-4EDC-A7E6-C98E8E9D5478}.Debug|Any CPU.Build.0 = Debug|Any CPU
		{01885E64-6346-4EDC-A7E6-C98E8E9D5478}.Release|Any CPU.ActiveCfg = Release|Any CPU
		{01885E64-6346-4EDC-A7E6-C98E8E9D5478}.Release|Any CPU.Build.0 = Release|Any CPU
	EndGlobalSection
	GlobalSection(SolutionProperties) = preSolution
		HideSolutionNode = FALSE
	EndGlobalSection
	GlobalSection(ExtensibilityGlobals) = postSolution
		SolutionGuid = {304E05E0-B915-4FC3-80D3-176398FB38ED}
	EndGlobalSection
EndGlobal
